// !$*UTF8*$!
{
	archiveVersion = 1;
	classes = {
	};
	objectVersion = 55;
	objects = {

/* Begin PBXBuildFile section */
		3E943D4F27EA4DC500051864 /* RegionCoordinator.swift in Sources */ = {isa = PBXBuildFile; fileRef = 3E943D4E27EA4DC500051864 /* RegionCoordinator.swift */; };
		3E9625E227E878F70063E2C3 /* Coordinatorable.swift in Sources */ = {isa = PBXBuildFile; fileRef = 3E9625E127E878F70063E2C3 /* Coordinatorable.swift */; };
		3E9625E427E87A7B0063E2C3 /* AppCoordinator.swift in Sources */ = {isa = PBXBuildFile; fileRef = 3E9625E327E87A7B0063E2C3 /* AppCoordinator.swift */; };
		3E9625EE27E891270063E2C3 /* RegionListViewController.swift in Sources */ = {isa = PBXBuildFile; fileRef = 3E9625ED27E891270063E2C3 /* RegionListViewController.swift */; };
		3E9625F127E897AA0063E2C3 /* IRegionListViewModel.swift in Sources */ = {isa = PBXBuildFile; fileRef = 3E9625F027E897AA0063E2C3 /* IRegionListViewModel.swift */; };
		3E9625F827E90F840063E2C3 /* RegionUseCase.swift in Sources */ = {isa = PBXBuildFile; fileRef = 3E9625F727E90F840063E2C3 /* RegionUseCase.swift */; };
		3E9625FA27E912A10063E2C3 /* RegionListState.swift in Sources */ = {isa = PBXBuildFile; fileRef = 3E9625F927E912A10063E2C3 /* RegionListState.swift */; };
		3E9625FD27E913050063E2C3 /* Region.swift in Sources */ = {isa = PBXBuildFile; fileRef = 3E9625FC27E913050063E2C3 /* Region.swift */; };
		3E9625FF27E914200063E2C3 /* RegionCell.swift in Sources */ = {isa = PBXBuildFile; fileRef = 3E9625FE27E914200063E2C3 /* RegionCell.swift */; };
		3E96260127E91A560063E2C3 /* RegionListViewModel.swift in Sources */ = {isa = PBXBuildFile; fileRef = 3E96260027E91A560063E2C3 /* RegionListViewModel.swift */; };
		3E96260327E9E2580063E2C3 /* RegionListViewModelOutput.swift in Sources */ = {isa = PBXBuildFile; fileRef = 3E96260227E9E2580063E2C3 /* RegionListViewModelOutput.swift */; };
		3E96260627E9E4A30063E2C3 /* ArrayExtension.swift in Sources */ = {isa = PBXBuildFile; fileRef = 3E96260527E9E4A30063E2C3 /* ArrayExtension.swift */; };
		3EC7EA8327E4F05300E05373 /* AppDelegate.swift in Sources */ = {isa = PBXBuildFile; fileRef = 3EC7EA8227E4F05300E05373 /* AppDelegate.swift */; };
		3EC7EA8527E4F05300E05373 /* SceneDelegate.swift in Sources */ = {isa = PBXBuildFile; fileRef = 3EC7EA8427E4F05300E05373 /* SceneDelegate.swift */; };
		3EC7EA8C27E4F05500E05373 /* Assets.xcassets in Resources */ = {isa = PBXBuildFile; fileRef = 3EC7EA8B27E4F05500E05373 /* Assets.xcassets */; };
		3EC7EA8F27E4F05500E05373 /* LaunchScreen.storyboard in Resources */ = {isa = PBXBuildFile; fileRef = 3EC7EA8D27E4F05500E05373 /* LaunchScreen.storyboard */; };
/* End PBXBuildFile section */

/* Begin PBXFileReference section */
		3E943D4E27EA4DC500051864 /* RegionCoordinator.swift */ = {isa = PBXFileReference; lastKnownFileType = sourcecode.swift; path = RegionCoordinator.swift; sourceTree = "<group>"; };
		3E9625E127E878F70063E2C3 /* Coordinatorable.swift */ = {isa = PBXFileReference; lastKnownFileType = sourcecode.swift; path = Coordinatorable.swift; sourceTree = "<group>"; };
		3E9625E327E87A7B0063E2C3 /* AppCoordinator.swift */ = {isa = PBXFileReference; lastKnownFileType = sourcecode.swift; path = AppCoordinator.swift; sourceTree = "<group>"; };
		3E9625ED27E891270063E2C3 /* RegionListViewController.swift */ = {isa = PBXFileReference; lastKnownFileType = sourcecode.swift; path = RegionListViewController.swift; sourceTree = "<group>"; };
		3E9625F027E897AA0063E2C3 /* IRegionListViewModel.swift */ = {isa = PBXFileReference; lastKnownFileType = sourcecode.swift; path = IRegionListViewModel.swift; sourceTree = "<group>"; };
		3E9625F727E90F840063E2C3 /* RegionUseCase.swift */ = {isa = PBXFileReference; lastKnownFileType = sourcecode.swift; path = RegionUseCase.swift; sourceTree = "<group>"; };
		3E9625F927E912A10063E2C3 /* RegionListState.swift */ = {isa = PBXFileReference; lastKnownFileType = sourcecode.swift; path = RegionListState.swift; sourceTree = "<group>"; };
		3E9625FC27E913050063E2C3 /* Region.swift */ = {isa = PBXFileReference; lastKnownFileType = sourcecode.swift; path = Region.swift; sourceTree = "<group>"; };
		3E9625FE27E914200063E2C3 /* RegionCell.swift */ = {isa = PBXFileReference; lastKnownFileType = sourcecode.swift; path = RegionCell.swift; sourceTree = "<group>"; };
		3E96260027E91A560063E2C3 /* RegionListViewModel.swift */ = {isa = PBXFileReference; lastKnownFileType = sourcecode.swift; path = RegionListViewModel.swift; sourceTree = "<group>"; };
		3E96260227E9E2580063E2C3 /* RegionListViewModelOutput.swift */ = {isa = PBXFileReference; lastKnownFileType = sourcecode.swift; path = RegionListViewModelOutput.swift; sourceTree = "<group>"; };
		3E96260527E9E4A30063E2C3 /* ArrayExtension.swift */ = {isa = PBXFileReference; lastKnownFileType = sourcecode.swift; path = ArrayExtension.swift; sourceTree = "<group>"; };
		3EC7EA7F27E4F05300E05373 /* TestApp.app */ = {isa = PBXFileReference; explicitFileType = wrapper.application; includeInIndex = 0; path = TestApp.app; sourceTree = BUILT_PRODUCTS_DIR; };
		3EC7EA8227E4F05300E05373 /* AppDelegate.swift */ = {isa = PBXFileReference; lastKnownFileType = sourcecode.swift; path = AppDelegate.swift; sourceTree = "<group>"; };
		3EC7EA8427E4F05300E05373 /* SceneDelegate.swift */ = {isa = PBXFileReference; lastKnownFileType = sourcecode.swift; path = SceneDelegate.swift; sourceTree = "<group>"; };
		3EC7EA8B27E4F05500E05373 /* Assets.xcassets */ = {isa = PBXFileReference; lastKnownFileType = folder.assetcatalog; path = Assets.xcassets; sourceTree = "<group>"; };
		3EC7EA8E27E4F05500E05373 /* Base */ = {isa = PBXFileReference; lastKnownFileType = file.storyboard; name = Base; path = Base.lproj/LaunchScreen.storyboard; sourceTree = "<group>"; };
		3EC7EA9027E4F05500E05373 /* Info.plist */ = {isa = PBXFileReference; lastKnownFileType = text.plist.xml; path = Info.plist; sourceTree = "<group>"; };
/* End PBXFileReference section */

/* Begin PBXFrameworksBuildPhase section */
		3EC7EA7C27E4F05300E05373 /* Frameworks */ = {
			isa = PBXFrameworksBuildPhase;
			buildActionMask = 2147483647;
			files = (
			);
			runOnlyForDeploymentPostprocessing = 0;
		};
/* End PBXFrameworksBuildPhase section */

/* Begin PBXGroup section */
		3E9625DF27E878340063E2C3 /* Sourses */ = {
			isa = PBXGroup;
			children = (
				3E9625E027E878580063E2C3 /* Coordinators */,
				3E9625E527E88EB10063E2C3 /* Modules */,
				3E96260427E9E4910063E2C3 /* Utils */,
			);
			path = Sourses;
			sourceTree = "<group>";
		};
		3E9625E027E878580063E2C3 /* Coordinators */ = {
			isa = PBXGroup;
			children = (
				3E9625E127E878F70063E2C3 /* Coordinatorable.swift */,
				3E9625E327E87A7B0063E2C3 /* AppCoordinator.swift */,
				3E943D4E27EA4DC500051864 /* RegionCoordinator.swift */,
			);
			path = Coordinators;
			sourceTree = "<group>";
		};
		3E9625E527E88EB10063E2C3 /* Modules */ = {
			isa = PBXGroup;
			children = (
				3E9625FB27E912ED0063E2C3 /* Entity */,
				3E9625E827E88F230063E2C3 /* ViewModels */,
				3E9625E727E88F200063E2C3 /* Models */,
				3E9625E627E88F100063E2C3 /* Views */,
			);
			path = Modules;
			sourceTree = "<group>";
		};
		3E9625E627E88F100063E2C3 /* Views */ = {
			isa = PBXGroup;
			children = (
				3E9625E927E88F5E0063E2C3 /* RegionListView */,
			);
			path = Views;
			sourceTree = "<group>";
		};
		3E9625E727E88F200063E2C3 /* Models */ = {
			isa = PBXGroup;
			children = (
				3E9625F727E90F840063E2C3 /* RegionUseCase.swift */,
			);
			path = Models;
			sourceTree = "<group>";
		};
		3E9625E827E88F230063E2C3 /* ViewModels */ = {
			isa = PBXGroup;
			children = (
				3E9625EF27E897440063E2C3 /* ListViewModel */,
			);
			path = ViewModels;
			sourceTree = "<group>";
		};
		3E9625E927E88F5E0063E2C3 /* RegionListView */ = {
			isa = PBXGroup;
			children = (
				3E9625ED27E891270063E2C3 /* RegionListViewController.swift */,
				3E9625FE27E914200063E2C3 /* RegionCell.swift */,
			);
			path = RegionListView;
			sourceTree = "<group>";
		};
		3E9625EF27E897440063E2C3 /* ListViewModel */ = {
			isa = PBXGroup;
			children = (
				3E9625F027E897AA0063E2C3 /* IRegionListViewModel.swift */,
				3E9625F927E912A10063E2C3 /* RegionListState.swift */,
				3E96260027E91A560063E2C3 /* RegionListViewModel.swift */,
				3E96260227E9E2580063E2C3 /* RegionListViewModelOutput.swift */,
			);
			path = ListViewModel;
			sourceTree = "<group>";
		};
		3E9625FB27E912ED0063E2C3 /* Entity */ = {
			isa = PBXGroup;
			children = (
				3E9625FC27E913050063E2C3 /* Region.swift */,
			);
			path = Entity;
			sourceTree = "<group>";
		};
		3E96260427E9E4910063E2C3 /* Utils */ = {
			isa = PBXGroup;
			children = (
				3E96260527E9E4A30063E2C3 /* ArrayExtension.swift */,
			);
			path = Utils;
			sourceTree = "<group>";
		};
		3EC7EA7627E4F05300E05373 = {
			isa = PBXGroup;
			children = (
				3EC7EA8127E4F05300E05373 /* TestApp */,
				3EC7EA8027E4F05300E05373 /* Products */,
			);
			sourceTree = "<group>";
		};
		3EC7EA8027E4F05300E05373 /* Products */ = {
			isa = PBXGroup;
			children = (
				3EC7EA7F27E4F05300E05373 /* TestApp.app */,
			);
			name = Products;
			sourceTree = "<group>";
		};
		3EC7EA8127E4F05300E05373 /* TestApp */ = {
			isa = PBXGroup;
			children = (
				3E9625DF27E878340063E2C3 /* Sourses */,
				3EC7EA9727E4F20700E05373 /* Resourses */,
				3EC7EA9627E4F1ED00E05373 /* Application */,
			);
			path = TestApp;
			sourceTree = "<group>";
		};
		3EC7EA9627E4F1ED00E05373 /* Application */ = {
			isa = PBXGroup;
			children = (
				3EC7EA8227E4F05300E05373 /* AppDelegate.swift */,
				3EC7EA8427E4F05300E05373 /* SceneDelegate.swift */,
				3EC7EA9027E4F05500E05373 /* Info.plist */,
			);
			path = Application;
			sourceTree = "<group>";
		};
		3EC7EA9727E4F20700E05373 /* Resourses */ = {
			isa = PBXGroup;
			children = (
				3EC7EA8B27E4F05500E05373 /* Assets.xcassets */,
				3EC7EA8D27E4F05500E05373 /* LaunchScreen.storyboard */,
			);
			path = Resourses;
			sourceTree = "<group>";
		};
/* End PBXGroup section */

/* Begin PBXNativeTarget section */
		3EC7EA7E27E4F05300E05373 /* TestApp */ = {
			isa = PBXNativeTarget;
			buildConfigurationList = 3EC7EA9327E4F05500E05373 /* Build configuration list for PBXNativeTarget "TestApp" */;
			buildPhases = (
				3EC7EA7B27E4F05300E05373 /* Sources */,
				3EC7EA7C27E4F05300E05373 /* Frameworks */,
				3EC7EA7D27E4F05300E05373 /* Resources */,
			);
			buildRules = (
			);
			dependencies = (
			);
			name = TestApp;
			productName = TestApp;
			productReference = 3EC7EA7F27E4F05300E05373 /* TestApp.app */;
			productType = "com.apple.product-type.application";
		};
/* End PBXNativeTarget section */

/* Begin PBXProject section */
		3EC7EA7727E4F05300E05373 /* Project object */ = {
			isa = PBXProject;
			attributes = {
				BuildIndependentTargetsInParallel = 1;
				LastSwiftUpdateCheck = 1330;
				LastUpgradeCheck = 1330;
				TargetAttributes = {
					3EC7EA7E27E4F05300E05373 = {
						CreatedOnToolsVersion = 13.3;
					};
				};
			};
			buildConfigurationList = 3EC7EA7A27E4F05300E05373 /* Build configuration list for PBXProject "TestApp" */;
			compatibilityVersion = "Xcode 13.0";
			developmentRegion = en;
			hasScannedForEncodings = 0;
			knownRegions = (
				en,
				Base,
			);
			mainGroup = 3EC7EA7627E4F05300E05373;
			productRefGroup = 3EC7EA8027E4F05300E05373 /* Products */;
			projectDirPath = "";
			projectRoot = "";
			targets = (
				3EC7EA7E27E4F05300E05373 /* TestApp */,
			);
		};
/* End PBXProject section */

/* Begin PBXResourcesBuildPhase section */
		3EC7EA7D27E4F05300E05373 /* Resources */ = {
			isa = PBXResourcesBuildPhase;
			buildActionMask = 2147483647;
			files = (
				3EC7EA8F27E4F05500E05373 /* LaunchScreen.storyboard in Resources */,
				3EC7EA8C27E4F05500E05373 /* Assets.xcassets in Resources */,
			);
			runOnlyForDeploymentPostprocessing = 0;
		};
/* End PBXResourcesBuildPhase section */

/* Begin PBXSourcesBuildPhase section */
		3EC7EA7B27E4F05300E05373 /* Sources */ = {
			isa = PBXSourcesBuildPhase;
			buildActionMask = 2147483647;
			files = (
				3E9625F127E897AA0063E2C3 /* IRegionListViewModel.swift in Sources */,
				3E9625E427E87A7B0063E2C3 /* AppCoordinator.swift in Sources */,
				3E9625FD27E913050063E2C3 /* Region.swift in Sources */,
				3E9625FF27E914200063E2C3 /* RegionCell.swift in Sources */,
				3E9625FA27E912A10063E2C3 /* RegionListState.swift in Sources */,
				3E9625F827E90F840063E2C3 /* RegionUseCase.swift in Sources */,
				3EC7EA8327E4F05300E05373 /* AppDelegate.swift in Sources */,
				3E96260327E9E2580063E2C3 /* RegionListViewModelOutput.swift in Sources */,
				3E943D4F27EA4DC500051864 /* RegionCoordinator.swift in Sources */,
				3E96260127E91A560063E2C3 /* RegionListViewModel.swift in Sources */,
				3E9625EE27E891270063E2C3 /* RegionListViewController.swift in Sources */,
				3EC7EA8527E4F05300E05373 /* SceneDelegate.swift in Sources */,
				3E9625E227E878F70063E2C3 /* Coordinatorable.swift in Sources */,
				3E96260627E9E4A30063E2C3 /* ArrayExtension.swift in Sources */,
			);
			runOnlyForDeploymentPostprocessing = 0;
		};
/* End PBXSourcesBuildPhase section */

/* Begin PBXVariantGroup section */
		3EC7EA8D27E4F05500E05373 /* LaunchScreen.storyboard */ = {
			isa = PBXVariantGroup;
			children = (
				3EC7EA8E27E4F05500E05373 /* Base */,
			);
			name = LaunchScreen.storyboard;
			sourceTree = "<group>";
		};
/* End PBXVariantGroup section */

/* Begin XCBuildConfiguration section */
		3EC7EA9127E4F05500E05373 /* Debug */ = {
			isa = XCBuildConfiguration;
			buildSettings = {
				ALWAYS_SEARCH_USER_PATHS = NO;
				CLANG_ANALYZER_NONNULL = YES;
				CLANG_ANALYZER_NUMBER_OBJECT_CONVERSION = YES_AGGRESSIVE;
				CLANG_CXX_LANGUAGE_STANDARD = "gnu++17";
				CLANG_ENABLE_MODULES = YES;
				CLANG_ENABLE_OBJC_ARC = YES;
				CLANG_ENABLE_OBJC_WEAK = YES;
				CLANG_WARN_BLOCK_CAPTURE_AUTORELEASING = YES;
				CLANG_WARN_BOOL_CONVERSION = YES;
				CLANG_WARN_COMMA = YES;
				CLANG_WARN_CONSTANT_CONVERSION = YES;
				CLANG_WARN_DEPRECATED_OBJC_IMPLEMENTATIONS = YES;
				CLANG_WARN_DIRECT_OBJC_ISA_USAGE = YES_ERROR;
				CLANG_WARN_DOCUMENTATION_COMMENTS = YES;
				CLANG_WARN_EMPTY_BODY = YES;
				CLANG_WARN_ENUM_CONVERSION = YES;
				CLANG_WARN_INFINITE_RECURSION = YES;
				CLANG_WARN_INT_CONVERSION = YES;
				CLANG_WARN_NON_LITERAL_NULL_CONVERSION = YES;
				CLANG_WARN_OBJC_IMPLICIT_RETAIN_SELF = YES;
				CLANG_WARN_OBJC_LITERAL_CONVERSION = YES;
				CLANG_WARN_OBJC_ROOT_CLASS = YES_ERROR;
				CLANG_WARN_QUOTED_INCLUDE_IN_FRAMEWORK_HEADER = YES;
				CLANG_WARN_RANGE_LOOP_ANALYSIS = YES;
				CLANG_WARN_STRICT_PROTOTYPES = YES;
				CLANG_WARN_SUSPICIOUS_MOVE = YES;
				CLANG_WARN_UNGUARDED_AVAILABILITY = YES_AGGRESSIVE;
				CLANG_WARN_UNREACHABLE_CODE = YES;
				CLANG_WARN__DUPLICATE_METHOD_MATCH = YES;
				COPY_PHASE_STRIP = NO;
				DEBUG_INFORMATION_FORMAT = dwarf;
				ENABLE_STRICT_OBJC_MSGSEND = YES;
				ENABLE_TESTABILITY = YES;
				GCC_C_LANGUAGE_STANDARD = gnu11;
				GCC_DYNAMIC_NO_PIC = NO;
				GCC_NO_COMMON_BLOCKS = YES;
				GCC_OPTIMIZATION_LEVEL = 0;
				GCC_PREPROCESSOR_DEFINITIONS = (
					"DEBUG=1",
					"$(inherited)",
				);
				GCC_WARN_64_TO_32_BIT_CONVERSION = YES;
				GCC_WARN_ABOUT_RETURN_TYPE = YES_ERROR;
				GCC_WARN_UNDECLARED_SELECTOR = YES;
				GCC_WARN_UNINITIALIZED_AUTOS = YES_AGGRESSIVE;
				GCC_WARN_UNUSED_FUNCTION = YES;
				GCC_WARN_UNUSED_VARIABLE = YES;
				IPHONEOS_DEPLOYMENT_TARGET = 15.4;
				MTL_ENABLE_DEBUG_INFO = INCLUDE_SOURCE;
				MTL_FAST_MATH = YES;
				ONLY_ACTIVE_ARCH = YES;
				SDKROOT = iphoneos;
				SWIFT_ACTIVE_COMPILATION_CONDITIONS = DEBUG;
				SWIFT_OPTIMIZATION_LEVEL = "-Onone";
			};
			name = Debug;
		};
		3EC7EA9227E4F05500E05373 /* Release */ = {
			isa = XCBuildConfiguration;
			buildSettings = {
				ALWAYS_SEARCH_USER_PATHS = NO;
				CLANG_ANALYZER_NONNULL = YES;
				CLANG_ANALYZER_NUMBER_OBJECT_CONVERSION = YES_AGGRESSIVE;
				CLANG_CXX_LANGUAGE_STANDARD = "gnu++17";
				CLANG_ENABLE_MODULES = YES;
				CLANG_ENABLE_OBJC_ARC = YES;
				CLANG_ENABLE_OBJC_WEAK = YES;
				CLANG_WARN_BLOCK_CAPTURE_AUTORELEASING = YES;
				CLANG_WARN_BOOL_CONVERSION = YES;
				CLANG_WARN_COMMA = YES;
				CLANG_WARN_CONSTANT_CONVERSION = YES;
				CLANG_WARN_DEPRECATED_OBJC_IMPLEMENTATIONS = YES;
				CLANG_WARN_DIRECT_OBJC_ISA_USAGE = YES_ERROR;
				CLANG_WARN_DOCUMENTATION_COMMENTS = YES;
				CLANG_WARN_EMPTY_BODY = YES;
				CLANG_WARN_ENUM_CONVERSION = YES;
				CLANG_WARN_INFINITE_RECURSION = YES;
				CLANG_WARN_INT_CONVERSION = YES;
				CLANG_WARN_NON_LITERAL_NULL_CONVERSION = YES;
				CLANG_WARN_OBJC_IMPLICIT_RETAIN_SELF = YES;
				CLANG_WARN_OBJC_LITERAL_CONVERSION = YES;
				CLANG_WARN_OBJC_ROOT_CLASS = YES_ERROR;
				CLANG_WARN_QUOTED_INCLUDE_IN_FRAMEWORK_HEADER = YES;
				CLANG_WARN_RANGE_LOOP_ANALYSIS = YES;
				CLANG_WARN_STRICT_PROTOTYPES = YES;
				CLANG_WARN_SUSPICIOUS_MOVE = YES;
				CLANG_WARN_UNGUARDED_AVAILABILITY = YES_AGGRESSIVE;
				CLANG_WARN_UNREACHABLE_CODE = YES;
				CLANG_WARN__DUPLICATE_METHOD_MATCH = YES;
				COPY_PHASE_STRIP = NO;
				DEBUG_INFORMATION_FORMAT = "dwarf-with-dsym";
				ENABLE_NS_ASSERTIONS = NO;
				ENABLE_STRICT_OBJC_MSGSEND = YES;
				GCC_C_LANGUAGE_STANDARD = gnu11;
				GCC_NO_COMMON_BLOCKS = YES;
				GCC_WARN_64_TO_32_BIT_CONVERSION = YES;
				GCC_WARN_ABOUT_RETURN_TYPE = YES_ERROR;
				GCC_WARN_UNDECLARED_SELECTOR = YES;
				GCC_WARN_UNINITIALIZED_AUTOS = YES_AGGRESSIVE;
				GCC_WARN_UNUSED_FUNCTION = YES;
				GCC_WARN_UNUSED_VARIABLE = YES;
				IPHONEOS_DEPLOYMENT_TARGET = 15.4;
				MTL_ENABLE_DEBUG_INFO = NO;
				MTL_FAST_MATH = YES;
				SDKROOT = iphoneos;
				SWIFT_COMPILATION_MODE = wholemodule;
				SWIFT_OPTIMIZATION_LEVEL = "-O";
				VALIDATE_PRODUCT = YES;
			};
			name = Release;
		};
		3EC7EA9427E4F05500E05373 /* Debug */ = {
			isa = XCBuildConfiguration;
			buildSettings = {
				ASSETCATALOG_COMPILER_APPICON_NAME = AppIcon;
				ASSETCATALOG_COMPILER_GLOBAL_ACCENT_COLOR_NAME = AccentColor;
				CODE_SIGN_STYLE = Automatic;
				CURRENT_PROJECT_VERSION = 1;
				DEVELOPMENT_TEAM = 3876RLF5QD;
				GENERATE_INFOPLIST_FILE = YES;
				INFOPLIST_FILE = TestApp/Application/Info.plist;
				INFOPLIST_KEY_UIApplicationSupportsIndirectInputEvents = YES;
				INFOPLIST_KEY_UILaunchStoryboardName = LaunchScreen;
				INFOPLIST_KEY_UISupportedInterfaceOrientations_iPad = "UIInterfaceOrientationPortrait UIInterfaceOrientationPortraitUpsideDown UIInterfaceOrientationLandscapeLeft UIInterfaceOrientationLandscapeRight";
				INFOPLIST_KEY_UISupportedInterfaceOrientations_iPhone = "UIInterfaceOrientationPortrait UIInterfaceOrientationLandscapeLeft UIInterfaceOrientationLandscapeRight";
				LD_RUNPATH_SEARCH_PATHS = (
					"$(inherited)",
					"@executable_path/Frameworks",
				);
				MARKETING_VERSION = 1.0;
				PRODUCT_BUNDLE_IDENTIFIER = test.TestApp;
				PRODUCT_NAME = "$(TARGET_NAME)";
				SWIFT_EMIT_LOC_STRINGS = YES;
				SWIFT_VERSION = 5.0;
				TARGETED_DEVICE_FAMILY = "1,2";
			};
			name = Debug;
		};
		3EC7EA9527E4F05500E05373 /* Release */ = {
			isa = XCBuildConfiguration;
			buildSettings = {
				ASSETCATALOG_COMPILER_APPICON_NAME = AppIcon;
				ASSETCATALOG_COMPILER_GLOBAL_ACCENT_COLOR_NAME = AccentColor;
				CODE_SIGN_STYLE = Automatic;
				CURRENT_PROJECT_VERSION = 1;
				DEVELOPMENT_TEAM = 3876RLF5QD;
				GENERATE_INFOPLIST_FILE = YES;
				INFOPLIST_FILE = TestApp/Application/Info.plist;
				INFOPLIST_KEY_UIApplicationSupportsIndirectInputEvents = YES;
				INFOPLIST_KEY_UILaunchStoryboardName = LaunchScreen;
				INFOPLIST_KEY_UISupportedInterfaceOrientations_iPad = "UIInterfaceOrientationPortrait UIInterfaceOrientationPortraitUpsideDown UIInterfaceOrientationLandscapeLeft UIInterfaceOrientationLandscapeRight";
				INFOPLIST_KEY_UISupportedInterfaceOrientations_iPhone = "UIInterfaceOrientationPortrait UIInterfaceOrientationLandscapeLeft UIInterfaceOrientationLandscapeRight";
				LD_RUNPATH_SEARCH_PATHS = (
					"$(inherited)",
					"@executable_path/Frameworks",
				);
				MARKETING_VERSION = 1.0;
				PRODUCT_BUNDLE_IDENTIFIER = test.TestApp;
				PRODUCT_NAME = "$(TARGET_NAME)";
				SWIFT_EMIT_LOC_STRINGS = YES;
				SWIFT_VERSION = 5.0;
				TARGETED_DEVICE_FAMILY = "1,2";
			};
			name = Release;
		};
/* End XCBuildConfiguration section */

/* Begin XCConfigurationList section */
		3EC7EA7A27E4F05300E05373 /* Build configuration list for PBXProject "TestApp" */ = {
			isa = XCConfigurationList;
			buildConfigurations = (
				3EC7EA9127E4F05500E05373 /* Debug */,
				3EC7EA9227E4F05500E05373 /* Release */,
			);
			defaultConfigurationIsVisible = 0;
			defaultConfigurationName = Release;
		};
		3EC7EA9327E4F05500E05373 /* Build configuration list for PBXNativeTarget "TestApp" */ = {
			isa = XCConfigurationList;
			buildConfigurations = (
				3EC7EA9427E4F05500E05373 /* Debug */,
				3EC7EA9527E4F05500E05373 /* Release */,
			);
			defaultConfigurationIsVisible = 0;
			defaultConfigurationName = Release;
		};
/* End XCConfigurationList section */
	};
	rootObject = 3EC7EA7727E4F05300E05373 /* Project object */;
}
